
Microsoft Visual Studio Solution File, Format Version 12.00
# Visual Studio Version 16
VisualStudioVersion = 16.0.29418.71
MinimumVisualStudioVersion = 10.0.40219.1
Project("{FAE04EC0-301F-11D3-BF4B-00C04F79EFBC}") = "LoggerTest", "LoggerTest\LoggerTest.csproj", "{8BDD1266-0B5F-4C33-A4FD-37EEE46EF942}"
EndProject
Project("{FAE04EC0-301F-11D3-BF4B-00C04F79EFBC}") = "Contracts", "Contracts\Contracts.csproj", "{D898152B-28D5-43F2-9A22-543C24C27B8B}"
EndProject
Project("{FAE04EC0-301F-11D3-BF4B-00C04F79EFBC}") = "LoggerService", "LoggerService\LoggerService.csproj", "{2749B46C-71D4-426D-A6BD-1B561E43F931}"
EndProject
Global
	GlobalSection(SolutionConfigurationPlatforms) = preSolution
		Debug|Any CPU = Debug|Any CPU
		Release|Any CPU = Release|Any CPU
	EndGlobalSection
	GlobalSection(ProjectConfigurationPlatforms) = postSolution
		{8BDD1266-0B5F-4C33-A4FD-37EEE46EF942}.Debug|Any CPU.ActiveCfg = Debug|Any CPU
		{8BDD1266-0B5F-4C33-A4FD-37EEE46EF942}.Debug|Any CPU.Build.0 = Debug|Any CPU
		{8BDD1266-0B5F-4C33-A4FD-37EEE46EF942}.Release|Any CPU.ActiveCfg = Release|Any CPU
		{8BDD1266-0B5F-4C33-A4FD-37EEE46EF942}.Release|Any CPU.Build.0 = Release|Any CPU
		{D898152B-28D5-43F2-9A22-543C24C27B8B}.Debug|Any CPU.ActiveCfg = Debug|Any CPU
		{D898152B-28D5-43F2-9A22-543C24C27B8B}.Debug|Any CPU.Build.0 = Debug|Any CPU
		{D898152B-28D5-43F2-9A22-543C24C27B8B}.Release|Any CPU.ActiveCfg = Release|Any CPU
		{D898152B-28D5-43F2-9A22-543C24C27B8B}.Release|Any CPU.Build.0 = Release|Any CPU
		{2749B46C-71D4-426D-A6BD-1B561E43F931}.Debug|Any CPU.ActiveCfg = Debug|Any CPU
		{2749B46C-71D4-426D-A6BD-1B561E43F931}.Debug|Any CPU.Build.0 = Debug|Any CPU
		{2749B46C-71D4-426D-A6BD-1B561E43F931}.Release|Any CPU.ActiveCfg = Release|Any CPU
		{2749B46C-71D4-426D-A6BD-1B561E43F931}.Release|Any CPU.Build.0 = Release|Any CPU
	EndGlobalSection
	GlobalSection(SolutionProperties) = preSolution
		HideSolutionNode = FALSE
	EndGlobalSection
	GlobalSection(ExtensibilityGlobals) = postSolution
		SolutionGuid = {D3C70966-B3F6-44E1-A665-98401EDD04FA}
	EndGlobalSection
EndGlobal
